# This file was autogenerated by uv via the following command:
#    uv pip compile requirements.in --generate-hashes --universal --python-version 3.12 -o requirements.lock
annotated-types==0.8.0 \
    --hash=sha256:13b2beaad985e05e2d6407ee4c4f35590b11f8d693a258a561055cac8f64cab7 \
    --hash=sha256:f072f4d804ea359e4eaf198b1af7a8b0943881a87f31bb764f8bf219bb9419e0
    # via pydantic
anyio==4.14.2 \
    --hash=sha256:9f505dda5ac9f0c8309b5e8bd445a8c2bf7246f3ce950121e45ea15bc41d1494 \
    --hash=sha256:cfa139f3ed1a23ee8f88a145ddb5ac7605b8bbfd8592baacd7ce3d8bb4313c7f
    # via
    #   starlette
    #   watchfiles
click==8.4.2 \
    --hash=sha256:9a6cea6e60b17ebe0a44c5cc636d94f09bd66142c1cd7d8b4cd731c4917a15f6 \
    --hash=sha256:e6f9f66136c816745b9d65817da91d61d957fb16e02e4dcd0552553c5a197b76
    # via uvicorn
colorama==0.4.6 ; sys_platform == 'win32' \
    --hash=sha256:08695f5cb7ed6e0531a20572697297273c47b8cae5a63ffc6d6ed5c201be6e44 \
    --hash=sha256:4f1d9991f5acc0ca119f9d443620b77f9d6b33703e51011c16baf57afb285fc6
    # via
    #   click
    #   uvicorn
fastapi==0.115.12 \
    --hash=sha256:1e2c2a2646905f9e83d32f04a3f86aff4a286669c6c950ca95b5fd68c2602681 \
    --hash=sha256:e94613d6c05e27be7ffebdd6ea5f388112e5e430c8f7d6494a9d1d88d43e814d
    # via -r requirements.in
h11==0.16.0 \
    --hash=sha256:4e35b956cf45792e4caa5885e69fba00bdbc6ffafbfa020300e549b208ee5ff1 \
    --hash=sha256:63cf8bbe7522de3bf65932fda1d9c2772064ffb3dae62d55932da54b31cb6c86
    # via uvicorn
httptools==0.8.0 \
    --hash=sha256:0770728beb05094c809b98e814edff5fef69d26ad7d21185f2f6d5884a0ba683 \
    --hash=sha256:0ea897f0c729581ebf72131a438a7932d9b14efef72d75ada966700cac3caaeb \
    --hash=sha256:159e9ab5f701ccd42e555a12f1ad8ff69702910fc1c996cf2bb66e5fcb7a231b \
    --hash=sha256:19d1ee275bb59ba2643ba9a3a1e51cc0c788caf2b8df506368e03f56fdd08527 \
    --hash=sha256:20b4aac66ff65f7db06a375808b78f42a94970aa22e826b3cb2b43eb09174124 \
    --hash=sha256:2a021c3a8e65cc125390d72f59b968afca3bdcaff25bd67965e0a055a14946ca \
    --hash=sha256:2c032fa028f46871ec7e1fc59fc15e8023eab3e6bbe6ece786a1611719a5d081 \
    --hash=sha256:2d689918c15a013c65ef52d9fd495d766893ab831a2c8d89f2ac5940a5df847c \
    --hash=sha256:384c17174464c8e873398b7af24f0b1f44d992c820328413951a625323155d77 \
    --hash=sha256:425f83884fd6343828d8c565f046cb72b6d19063f6924093e11bcd8e1548cd09 \
    --hash=sha256:48774d39cbb70e2b1f71f88852a3087ae1d3a1eb80482bb48c13067ab080c14f \
    --hash=sha256:52dd695b865fe96d9d2b16b64a895f3f57bf3cb064e8383cd3b5713a069e8085 \
    --hash=sha256:57278e6fa0424c42a8a3e454828ab4f0aff27b40cddf9679579b98c6dce6a376 \
    --hash=sha256:5931891fb7b441b8a3853cf1b85c82c903defce084dd5f6771ca46e31bf862c5 \
    --hash=sha256:5d7fa4ba7292c1139c0526f0b5aad507c6263c948206ea1b1cbca015c8af1b62 \
    --hash=sha256:5eb911c515b96ee44bbd861e42cbefc488681d450545b1d02127f6136e3a86f5 \
    --hash=sha256:614ceea8ea606848bece2338ac03b3ce5324bcb4be8dc7d377ed708012fa4db8 \
    --hash=sha256:6a43c9dd399758ccc0531acb0a3c4a6c299ee893ee9400e9c893b7bdcfae0681 \
    --hash=sha256:6b2a32f18d97e16e90827d7a819ffa8dbd8cc245fc4e1fa9d1095b54ef4bd999 \
    --hash=sha256:7685df791fad561384bfb139e77fde27a1ffd93134e016f95a0db424ffbf77b1 \
    --hash=sha256:7b71e7d7031928c650e1006e6c03e911bf967f7c69c011d37d541c3e7bf55005 \
    --hash=sha256:880490234c10f70a9830743097e8958d6e4b9f5a0ffc24515023afeef984054d \
    --hash=sha256:88bdd940f2b5d487b4d032c6afa5489a7dc4694410d43de3c38c4fb3af0dc45d \
    --hash=sha256:88eead8ec8680a9f146c655bc88445a325bd7921cfd8194c7337e9467282427d \
    --hash=sha256:9518c406d7b310f05adb1a37f80acabac40504a575d7c0da6d3e365c695ac20d \
    --hash=sha256:9878eb2785ba5eb70631ad269b37976f73d647955e26c91d490eb8a4edfda4ba \
    --hash=sha256:9fc1644f415372cec4f8a5be3a64183737398f10dbb1263602a036427fe75247 \
    --hash=sha256:a1afd7c9fbff0d9f5d489c4ce2768bd09c84a46ddefc7161e6aa82ae35c85745 \
    --hash=sha256:a1b4c8e7a489a0d750d91894e9a8cdc295838f1924c0ca903ae993456fddec07 \
    --hash=sha256:a3b7387147361c3fd47a0bde763c5c91b5b4cd4dc9989b8ece84ff436c99843b \
    --hash=sha256:a6f21e2a3b0067bbe7f67e34cfd16276af556e5e52f4c7503be0cb5f90e905e4 \
    --hash=sha256:b15fc622b0f869d19207c4089a501d9bcc63ca5e071ffdd2f03f922df882dcb2 \
    --hash=sha256:b205e5f5523fa039679da0dfe5a10132b2a4abeae6a86fdd1ddc035f7f836557 \
    --hash=sha256:bbb8caadb2b742d293169d2b458b5c001ef70e3158704aa3d3ef9597624c5d1d \
    --hash=sha256:bf3b6f807c8541503cecfbb8a8dffb385640d0d96102f3d112aa8740f9b7c826 \
    --hash=sha256:c08ffe3e79756e0963cbc8fe410139f38a5884874b6f2e17761bef6563fdcd9b \
    --hash=sha256:c0d726cc107fceb7d45f978483b4b70dd8caa836f5914d3434bb18628eb73813 \
    --hash=sha256:c4a9f1707e4823d54dfec6c33fa3697d302aed536ed352a7ebb5a061ddb869d0 \
    --hash=sha256:cd96f29b4bab1d42fa6e3d008711c75e0f79e94e06827330160e3a304227f150 \
    --hash=sha256:d76ad7b951387e3632c8716a9bb03ac5b45c5f16119aa409db0459520887944e \
    --hash=sha256:da684f2e1aa2ee9bdcb083f3f3a68c5956750b375bc5df864d3a5f0c42a40b77 \
    --hash=sha256:de1ed58a974e75d56560acc7e7fed01a454994429456f65209789992e41f2568 \
    --hash=sha256:de242a49b5d18e0a8776e654e9f6bf6d89f3875a5c35b425a0e7ce940feb3fd6 \
    --hash=sha256:df31ef5494f406ab6cf827b7e64a22841c6e2d654100e6a116ea15b46d02d5e8 \
    --hash=sha256:e93c227b595c6926c1acee96891dd9da4be338cfbe82e5cd3bb9d8dd7dc4ac0b \
    --hash=sha256:eb3028cca2fc0a6d720e52ef61d8ebb62fcbfeb1de56874546d858d3f25a26b7 \
    --hash=sha256:ed377e64805bdba4943c82717333f8f8603a13b09aff9cead2717c6c817fb168 \
    --hash=sha256:ef7c3c97f4311c7be57e2986629df89d49cb434dbff78eafcd48c2bff986b15a \
    --hash=sha256:f256d6ce930c52ca1cb2a960b7da03548c454e7d28b06059ad41bfe789036ce0 \
    --hash=sha256:fe2a4c95aeba2209434e7b31172da572846cae8ca0bf1e7013e61b99fbbf5e72
    # via uvicorn
idna==3.18 \
    --hash=sha256:7f952cbe720b688055e3f87de14f5c3e5fdaa8bc3928985c4077ca689de849a2 \
    --hash=sha256:ffb385a7e039654cef1ab9ef32c6fafe283c0c0467bba1d9029738ce4a14a848
    # via anyio
pydantic==2.11.4 \
    --hash=sha256:32738d19d63a226a52eed76645a98ee07c1f410ee41d93b4afbfa85ed8111c2d \
    --hash=sha256:d9615eaa9ac5a063471da949c8fc16376a84afb5024688b3ff885693506764eb
    # via
    #   -r requirements.in
    #   fastapi
pydantic-core==2.33.2 \
    --hash=sha256:0069c9acc3f3981b9ff4cdfaf088e98d83440a4c7ea1bc07460af3d4dc22e72d \
    --hash=sha256:031c57d67ca86902726e0fae2214ce6770bbe2f710dc33063187a68744a5ecac \
    --hash=sha256:0405262705a123b7ce9f0b92f123334d67b70fd1f20a9372b907ce1080c7ba02 \
    --hash=sha256:04a1a413977ab517154eebb2d326da71638271477d6ad87a769102f7c2488c56 \
    --hash=sha256:09fb9dd6571aacd023fe6aaca316bd01cf60ab27240d7eb39ebd66a3a15293b4 \
    --hash=sha256:0a39979dcbb70998b0e505fb1556a1d550a0781463ce84ebf915ba293ccb7e22 \
    --hash=sha256:0a9f2c9dd19656823cb8250b0724ee9c60a82f3cdf68a080979d13092a3b0fef \
    --hash=sha256:0e03262ab796d986f978f79c943fc5f620381be7287148b8010b4097f79a39ec \
    --hash=sha256:0e5b2671f05ba48b94cb90ce55d8bdcaaedb8ba00cc5359f6810fc918713983d \
    --hash=sha256:0e6116757f7959a712db11f3e9c0a99ade00a5bbedae83cb801985aa154f071b \
    --hash=sha256:0fb2d542b4d66f9470e8065c5469ec676978d625a8b7a363f07d9a501a9cb36a \
    --hash=sha256:1082dd3e2d7109ad8b7da48e1d4710c8d06c253cbc4a27c1cff4fbcaa97a9e3f \
    --hash=sha256:1a8695a8d00c73e50bff9dfda4d540b7dee29ff9b8053e38380426a85ef10052 \
    --hash=sha256:1e063337ef9e9820c77acc768546325ebe04ee38b08703244c1309cccc4f1bab \
    --hash=sha256:1ea40a64d23faa25e62a70ad163571c0b342b8bf66d5fa612ac0dec4f069d916 \
    --hash=sha256:2058a32994f1fde4ca0480ab9d1e75a0e8c87c22b53a3ae66554f9af78f2fe8c \
    --hash=sha256:235f45e5dbcccf6bd99f9f472858849f73d11120d76ea8707115415f8e5ebebf \
    --hash=sha256:2807668ba86cb38c6817ad9bc66215ab8584d1d304030ce4f0887336f28a5e27 \
    --hash=sha256:2b0a451c263b01acebe51895bfb0e1cc842a5c666efe06cdf13846c7418caa9a \
    --hash=sha256:2b3d326aaef0c0399d9afffeb6367d5e26ddc24d351dbc9c636840ac355dc5d8 \
    --hash=sha256:2bfb5112df54209d820d7bf9317c7a6c9025ea52e49f46b6a2060104bba37de7 \
    --hash=sha256:2f82865531efd18d6e07a04a17331af02cb7a651583c418df8266f17a63c6612 \
    --hash=sha256:329467cecfb529c925cf2bbd4d60d2c509bc2fb52a20c1045bf09bb70971a9c1 \
    --hash=sha256:3a1c81334778f9e3af2f8aeb7a960736e5cab1dfebfb26aabca09afd2906c039 \
    --hash=sha256:3abcd9392a36025e3bd55f9bd38d908bd17962cc49bc6da8e7e96285336e2bca \
    --hash=sha256:3c6db6e52c6d70aa0d00d45cdb9b40f0433b96380071ea80b09277dba021ddf7 \
    --hash=sha256:3dc625f4aa79713512d1976fe9f0bc99f706a9dee21dfd1810b4bbbf228d0e8a \
    --hash=sha256:3eb3fe62804e8f859c49ed20a8451342de53ed764150cb14ca71357c765dc2a6 \
    --hash=sha256:44857c3227d3fb5e753d5fe4a3420d6376fa594b07b621e220cd93703fe21782 \
    --hash=sha256:4b25d91e288e2c4e0662b8038a28c6a07eaac3e196cfc4ff69de4ea3db992a1b \
    --hash=sha256:4c5b0a576fb381edd6d27f0a85915c6daf2f8138dc5c267a57c08a62900758c7 \
    --hash=sha256:4e61206137cbc65e6d5256e1166f88331d3b6238e082d9f74613b9b765fb9025 \
    --hash=sha256:52fb90784e0a242bb96ec53f42196a17278855b0f31ac7c3cc6f5c1ec4811849 \
    --hash=sha256:53a57d2ed685940a504248187d5685e49eb5eef0f696853647bf37c418c538f7 \
    --hash=sha256:572c7e6c8bb4774d2ac88929e3d1f12bc45714ae5ee6d9a788a9fb35e60bb04b \
    --hash=sha256:5c4aa4e82353f65e548c476b37e64189783aa5384903bfea4f41580f255fddfa \
    --hash=sha256:5c92edd15cd58b3c2d34873597a1e20f13094f59cf88068adb18947df5455b4e \
    --hash=sha256:5f483cfb75ff703095c59e365360cb73e00185e01aaea067cd19acffd2ab20ea \
    --hash=sha256:61c18fba8e5e9db3ab908620af374db0ac1baa69f0f32df4f61ae23f15e586ac \
    --hash=sha256:6368900c2d3ef09b69cb0b913f9f8263b03786e5b2a387706c5afb66800efd51 \
    --hash=sha256:64632ff9d614e5eecfb495796ad51b0ed98c453e447a76bcbeeb69615079fc7e \
    --hash=sha256:65132b7b4a1c0beded5e057324b7e16e10910c106d43675d9bd87d4f38dde162 \
    --hash=sha256:6b99022f1d19bc32a4c2a0d544fc9a76e3be90f0b3f4af413f87d38749300e65 \
    --hash=sha256:6bdfe4b3789761f3bcb4b1ddf33355a71079858958e3a552f16d5af19768fef2 \
    --hash=sha256:6fa6dfc3e4d1f734a34710f391ae822e0a8eb8559a85c6979e14e65ee6ba2954 \
    --hash=sha256:73662edf539e72a9440129f231ed3757faab89630d291b784ca99237fb94db2b \
    --hash=sha256:73cf6373c21bc80b2e0dc88444f41ae60b2f070ed02095754eb5a01df12256de \
    --hash=sha256:7cb8bc3605c29176e1b105350d2e6474142d7c1bd1d9327c4a9bdb46bf827acc \
    --hash=sha256:7f92c15cd1e97d4b12acd1cc9004fa092578acfa57b67ad5e43a197175d01a64 \
    --hash=sha256:82f68293f055f51b51ea42fafc74b6aad03e70e191799430b90c13d643059ebb \
    --hash=sha256:83aa99b1285bc8f038941ddf598501a86f1536789740991d7d8756e34f1e74d9 \
    --hash=sha256:87acbfcf8e90ca885206e98359d7dca4bcbb35abdc0ff66672a293e1d7a19101 \
    --hash=sha256:87b31b6846e361ef83fedb187bb5b4372d0da3f7e28d85415efa92d6125d6e6d \
    --hash=sha256:881b21b5549499972441da4758d662aeea93f1923f953e9cbaff14b8b9565aef \
    --hash=sha256:8d55ab81c57b8ff8548c3e4947f119551253f4e3787a7bbc0b6b3ca47498a9d3 \
    --hash=sha256:8f57a69461af2a5fa6e6bbd7a5f60d3b7e6cebb687f55106933188e79ad155c1 \
    --hash=sha256:95237e53bb015f67b63c91af7518a62a8660376a6a0db19b89acc77a4d6199f5 \
    --hash=sha256:96081f1605125ba0855dfda83f6f3df5ec90c61195421ba72223de35ccfb2f88 \
    --hash=sha256:970919794d126ba8645f3837ab6046fb4e72bbc057b3709144066204c19a455d \
    --hash=sha256:9cb1da0f5a471435a7bc7e439b8a728e8b61e59784b2af70d7c169f8dd8ae290 \
    --hash=sha256:9fcd347d2cc5c23b06de6d3b7b8275be558a0c90549495c699e379a80bf8379e \
    --hash=sha256:9fdac5d6ffa1b5a83bca06ffe7583f5576555e6c8b3a91fbd25ea7780f825f7d \
    --hash=sha256:a11c8d26a50bfab49002947d3d237abe4d9e4b5bdc8846a63537b6488e197808 \
    --hash=sha256:a144d4f717285c6d9234a66778059f33a89096dfb9b39117663fd8413d582dcc \
    --hash=sha256:a2b911a5b90e0374d03813674bf0a5fbbb7741570dcd4b4e85a2e48d17def29d \
    --hash=sha256:a7ec89dc587667f22b6a0b6579c249fca9026ce7c333fc142ba42411fa243cdc \
    --hash=sha256:aa9d91b338f2df0508606f7009fde642391425189bba6d8c653afd80fd6bb64e \
    --hash=sha256:b0379a2b24882fef529ec3b4987cb5d003b9cda32256024e6fe1586ac45fc640 \
    --hash=sha256:bc7aee6f634a6f4a95676fcb5d6559a2c2a390330098dba5e5a5f28a2e4ada30 \
    --hash=sha256:bdc25f3681f7b78572699569514036afe3c243bc3059d3942624e936ec93450e \
    --hash=sha256:c083a3bdd5a93dfe480f1125926afcdbf2917ae714bdb80b36d34318b2bec5d9 \
    --hash=sha256:c20c462aa4434b33a2661701b861604913f912254e441ab8d78d30485736115a \
    --hash=sha256:c2fc0a768ef76c15ab9238afa6da7f69895bb5d1ee83aeea2e3509af4472d0b9 \
    --hash=sha256:c52b02ad8b4e2cf14ca7b3d918f3eb0ee91e63b3167c32591e57c4317e134f8f \
    --hash=sha256:c54c939ee22dc8e2d545da79fc5381f1c020d6d3141d3bd747eab59164dc89fb \
    --hash=sha256:c8e7af2f4e0194c22b5b37205bfb293d166a7344a5b0d0eaccebc376546d77d5 \
    --hash=sha256:cca3868ddfaccfbc4bfb1d608e2ccaaebe0ae628e1416aeb9c4d88c001bb45ab \
    --hash=sha256:d3f26877a748dc4251cfcfda9dfb5f13fcb034f5308388066bcfe9031b63ae7d \
    --hash=sha256:d53b22f2032c42eaaf025f7c40c2e3b94568ae077a606f006d206a463bc69572 \
    --hash=sha256:d87c561733f66531dced0da6e864f44ebf89a8fba55f31407b00c2f7f9449593 \
    --hash=sha256:d946c8bf0d5c24bf4fe333af284c59a19358aa3ec18cb3dc4370080da1e8ad29 \
    --hash=sha256:dac89aea9af8cd672fa7b510e7b8c33b0bba9a43186680550ccf23020f32d535 \
    --hash=sha256:db4b41f9bd95fbe5acd76d89920336ba96f03e149097365afe1cb092fceb89a1 \
    --hash=sha256:dc46a01bf8d62f227d5ecee74178ffc448ff4e5197c756331f71efcc66dc980f \
    --hash=sha256:dd14041875d09cc0f9308e37a6f8b65f5585cf2598a53aa0123df8b129d481f8 \
    --hash=sha256:de4b83bb311557e439b9e186f733f6c645b9417c84e2eb8203f3f820a4b988bf \
    --hash=sha256:e799c050df38a639db758c617ec771fd8fb7a5f8eaaa4b27b101f266b216a246 \
    --hash=sha256:e80b087132752f6b3d714f041ccf74403799d3b23a72722ea2e6ba2e892555b9 \
    --hash=sha256:eb8c529b2819c37140eb51b914153063d27ed88e3bdc31b71198a198e921e011 \
    --hash=sha256:eb9b459ca4df0e5c87deb59d37377461a538852765293f9e6ee834f0435a93b9 \
    --hash=sha256:efec8db3266b76ef9607c2c4c419bdb06bf335ae433b80816089ea7585816f6a \
    --hash=sha256:f481959862f57f29601ccced557cc2e817bce7533ab8e01a797a48b49c9692b3 \
    --hash=sha256:f517ca031dfc037a9c07e748cefd8d96235088b83b4f4ba8939105d20fa1dcd6 \
    --hash=sha256:f889f7a40498cc077332c7ab6b4608d296d852182211787d4f3ee377aaae66e8 \
    --hash=sha256:f8de619080e944347f5f20de29a975c2d815d9ddd8be9b9b7268e2e3ef68605a \
    --hash=sha256:f941635f2a3d96b2973e867144fde513665c87f13fe0e193c158ac51bfaaa7b2 \
    --hash=sha256:fa754d1850735a0b0e03bcffd9d4b4343eb417e47196e4485d9cca326073a42c \
    --hash=sha256:fa854f5cf7e33842a892e5c73f45327760bc7bc516339fda888c75ae60edaeb6 \
    --hash=sha256:fe5b32187cbc0c862ee201ad66c30cf218e5ed468ec8dc1cf49dec66e160cc4d
    # via pydantic
python-dotenv==1.2.2 \
    --hash=sha256:1d8214789a24de455a8b8bd8ae6fe3c6b69a5e3d64aa8a8e5d68e694bbcb285a \
    --hash=sha256:2c371a91fbd7ba082c2c1dc1f8bf89ca22564a087c2c287cd9b662adde799cf3
    # via uvicorn
pyyaml==6.0.3 \
    --hash=sha256:00c4bdeba853cc34e7dd471f16b4114f4162dc03e6b7afcc2128711f0eca823c \
    --hash=sha256:0150219816b6a1fa26fb4699fb7daa9caf09eb1999f3b70fb6e786805e80375a \
    --hash=sha256:02893d100e99e03eda1c8fd5c441d8c60103fd175728e23e431db1b589cf5ab3 \
    --hash=sha256:02ea2dfa234451bbb8772601d7b8e426c2bfa197136796224e50e35a78777956 \
    --hash=sha256:0f29edc409a6392443abf94b9cf89ce99889a1dd5376d94316ae5145dfedd5d6 \
    --hash=sha256:10892704fc220243f5305762e276552a0395f7beb4dbf9b14ec8fd43b57f126c \
    --hash=sha256:16249ee61e95f858e83976573de0f5b2893b3677ba71c9dd36b9cf8be9ac6d65 \
    --hash=sha256:1d37d57ad971609cf3c53ba6a7e365e40660e3be0e5175fa9f2365a379d6095a \
    --hash=sha256:1ebe39cb5fc479422b83de611d14e2c0d3bb2a18bbcb01f229ab3cfbd8fee7a0 \
    --hash=sha256:214ed4befebe12df36bcc8bc2b64b396ca31be9304b8f59e25c11cf94a4c033b \
    --hash=sha256:2283a07e2c21a2aa78d9c4442724ec1eb15f5e42a723b99cb3d822d48f5f7ad1 \
    --hash=sha256:22ba7cfcad58ef3ecddc7ed1db3409af68d023b7f940da23c6c2a1890976eda6 \
    --hash=sha256:27c0abcb4a5dac13684a37f76e701e054692a9b2d3064b70f5e4eb54810553d7 \
    --hash=sha256:28c8d926f98f432f88adc23edf2e6d4921ac26fb084b028c733d01868d19007e \
    --hash=sha256:2e71d11abed7344e42a8849600193d15b6def118602c4c176f748e4583246007 \
    --hash=sha256:34d5fcd24b8445fadc33f9cf348c1047101756fd760b4dacb5c3e99755703310 \
    --hash=sha256:37503bfbfc9d2c40b344d06b2199cf0e96e97957ab1c1b546fd4f87e53e5d3e4 \
    --hash=sha256:3c5677e12444c15717b902a5798264fa7909e41153cdf9ef7ad571b704a63dd9 \
    --hash=sha256:3ff07ec89bae51176c0549bc4c63aa6202991da2d9a6129d7aef7f1407d3f295 \
    --hash=sha256:41715c910c881bc081f1e8872880d3c650acf13dfa8214bad49ed4cede7c34ea \
    --hash=sha256:418cf3f2111bc80e0933b2cd8cd04f286338bb88bdc7bc8e6dd775ebde60b5e0 \
    --hash=sha256:44edc647873928551a01e7a563d7452ccdebee747728c1080d881d68af7b997e \
    --hash=sha256:4a2e8cebe2ff6ab7d1050ecd59c25d4c8bd7e6f400f5f82b96557ac0abafd0ac \
    --hash=sha256:4ad1906908f2f5ae4e5a8ddfce73c320c2a1429ec52eafd27138b7f1cbe341c9 \
    --hash=sha256:501a031947e3a9025ed4405a168e6ef5ae3126c59f90ce0cd6f2bfc477be31b7 \
    --hash=sha256:5190d403f121660ce8d1d2c1bb2ef1bd05b5f68533fc5c2ea899bd15f4399b35 \
    --hash=sha256:5498cd1645aa724a7c71c8f378eb29ebe23da2fc0d7a08071d89469bf1d2defb \
    --hash=sha256:5cf4e27da7e3fbed4d6c3d8e797387aaad68102272f8f9752883bc32d61cb87b \
    --hash=sha256:5e0b74767e5f8c593e8c9b5912019159ed0533c70051e9cce3e8b6aa699fcd69 \
    --hash=sha256:5ed875a24292240029e4483f9d4a4b8a1ae08843b9c54f43fcc11e404532a8a5 \
    --hash=sha256:5fcd34e47f6e0b794d17de1b4ff496c00986e1c83f7ab2fb8fcfe9616ff7477b \
    --hash=sha256:5fdec68f91a0c6739b380c83b951e2c72ac0197ace422360e6d5a959d8d97b2c \
    --hash=sha256:6344df0d5755a2c9a276d4473ae6b90647e216ab4757f8426893b5dd2ac3f369 \
    --hash=sha256:64386e5e707d03a7e172c0701abfb7e10f0fb753ee1d773128192742712a98fd \
    --hash=sha256:652cb6edd41e718550aad172851962662ff2681490a8a711af6a4d288dd96824 \
    --hash=sha256:66291b10affd76d76f54fad28e22e51719ef9ba22b29e1d7d03d6777a9174198 \
    --hash=sha256:66e1674c3ef6f541c35191caae2d429b967b99e02040f5ba928632d9a7f0f065 \
    --hash=sha256:6adc77889b628398debc7b65c073bcb99c4a0237b248cacaf3fe8a557563ef6c \
    --hash=sha256:79005a0d97d5ddabfeeea4cf676af11e647e41d81c9a7722a193022accdb6b7c \
    --hash=sha256:7c6610def4f163542a622a73fb39f534f8c101d690126992300bf3207eab9764 \
    --hash=sha256:7f047e29dcae44602496db43be01ad42fc6f1cc0d8cd6c83d342306c32270196 \
    --hash=sha256:8098f252adfa6c80ab48096053f512f2321f0b998f98150cea9bd23d83e1467b \
    --hash=sha256:850774a7879607d3a6f50d36d04f00ee69e7fc816450e5f7e58d7f17f1ae5c00 \
    --hash=sha256:8d1fab6bb153a416f9aeb4b8763bc0f22a5586065f86f7664fc23339fc1c1fac \
    --hash=sha256:8da9669d359f02c0b91ccc01cac4a67f16afec0dac22c2ad09f46bee0697eba8 \
    --hash=sha256:8dc52c23056b9ddd46818a57b78404882310fb473d63f17b07d5c40421e47f8e \
    --hash=sha256:9149cad251584d5fb4981be1ecde53a1ca46c891a79788c0df828d2f166bda28 \
    --hash=sha256:93dda82c9c22deb0a405ea4dc5f2d0cda384168e466364dec6255b293923b2f3 \
    --hash=sha256:96b533f0e99f6579b3d4d4995707cf36df9100d67e0c8303a0c55b27b5f99bc5 \
    --hash=sha256:9c57bb8c96f6d1808c030b1687b9b5fb476abaa47f0db9c0101f5e9f394e97f4 \
    --hash=sha256:9c7708761fccb9397fe64bbc0395abcae8c4bf7b0eac081e12b809bf47700d0b \
    --hash=sha256:9f3bfb4965eb874431221a3ff3fdcddc7e74e3b07799e0e84ca4a0f867d449bf \
    --hash=sha256:a33284e20b78bd4a18c8c2282d549d10bc8408a2a7ff57653c0cf0b9be0afce5 \
    --hash=sha256:a80cb027f6b349846a3bf6d73b5e95e782175e52f22108cfa17876aaeff93702 \
    --hash=sha256:b30236e45cf30d2b8e7b3e85881719e98507abed1011bf463a8fa23e9c3e98a8 \
    --hash=sha256:b3bc83488de33889877a0f2543ade9f70c67d66d9ebb4ac959502e12de895788 \
    --hash=sha256:b865addae83924361678b652338317d1bd7e79b1f4596f96b96c77a5a34b34da \
    --hash=sha256:b8bb0864c5a28024fac8a632c443c87c5aa6f215c0b126c449ae1a150412f31d \
    --hash=sha256:ba1cc08a7ccde2d2ec775841541641e4548226580ab850948cbfda66a1befcdc \
    --hash=sha256:bdb2c67c6c1390b63c6ff89f210c8fd09d9a1217a465701eac7316313c915e4c \
    --hash=sha256:c1ff362665ae507275af2853520967820d9124984e0f7466736aea23d8611fba \
    --hash=sha256:c2514fceb77bc5e7a2f7adfaa1feb2fb311607c9cb518dbc378688ec73d8292f \
    --hash=sha256:c3355370a2c156cffb25e876646f149d5d68f5e0a3ce86a5084dd0b64a994917 \
    --hash=sha256:c458b6d084f9b935061bc36216e8a69a7e293a2f1e68bf956dcd9e6cbcd143f5 \
    --hash=sha256:d0eae10f8159e8fdad514efdc92d74fd8d682c933a6dd088030f3834bc8e6b26 \
    --hash=sha256:d76623373421df22fb4cf8817020cbb7ef15c725b9d5e45f17e189bfc384190f \
    --hash=sha256:ebc55a14a21cb14062aa4162f906cd962b28e2e9ea38f9b4391244cd8de4ae0b \
    --hash=sha256:eda16858a3cab07b80edaf74336ece1f986ba330fdb8ee0d6c0d68fe82bc96be \
    --hash=sha256:ee2922902c45ae8ccada2c5b501ab86c36525b883eff4255313a253a3160861c \
    --hash=sha256:efd7b85f94a6f21e4932043973a7ba2613b059c4a000551892ac9f1d11f5baf3 \
    --hash=sha256:f7057c9a337546edc7973c0d3ba84ddcdf0daa14533c2065749c9075001090e6 \
    --hash=sha256:fa160448684b4e94d80416c0fa4aac48967a969efe22931448d853ada8baf926 \
    --hash=sha256:fc09d0aa354569bc501d4e787133afc08552722d3ab34836a80547331bb5d4a0
    # via uvicorn
starlette==0.46.2 \
    --hash=sha256:595633ce89f8ffa71a015caed34a5b2dc1c0cdb3f0f1fbd1e69339cf2abeec35 \
    --hash=sha256:7f7361f34eed179294600af672f565727419830b54b7b084efe44bb82d2fccd5
    # via fastapi
typing-extensions==4.16.0 \
    --hash=sha256:481caa481374e813c1b176ada14e97f1f67a4539ce9cfeb3f350d78d6370c2e8 \
    --hash=sha256:dc983d19a509c94dba722ee6abd33940f7c05a89e243c47e907eb4db6f1a43e5
    # via
    #   anyio
    #   fastapi
    #   pydantic
    #   pydantic-core
    #   typing-inspection
typing-inspection==0.4.2 \
    --hash=sha256:4ed1cacbdc298c220f1bd249ed5287caa16f34d44ef4e9c3d0cbad5b521545e7 \
    --hash=sha256:ba561c48a67c5958007083d386c3295464928b01faa735ab8547c5692e87f464
    # via pydantic
uvicorn==0.34.2 \
    --hash=sha256:0e929828f6186353a80b58ea719861d2629d766293b6d19baf086ba31d4f3328 \
    --hash=sha256:deb49af569084536d269fe0a6d67e3754f104cf03aba7c11c40f01aadf33c403
    # via -r requirements.in
uvloop==0.22.1 ; platform_python_implementation != 'PyPy' and sys_platform != 'cygwin' and sys_platform != 'win32' \
    --hash=sha256:017bd46f9e7b78e81606329d07141d3da446f8798c6baeec124260e22c262772 \
    --hash=sha256:0530a5fbad9c9e4ee3f2b33b148c6a64d47bbad8000ea63704fa8260f4cf728e \
    --hash=sha256:05e4b5f86e621cf3927631789999e697e58f0d2d32675b67d9ca9eb0bca55743 \
    --hash=sha256:0ae676de143db2b2f60a9696d7eca5bb9d0dd6cc3ac3dad59a8ae7e95f9e1b54 \
    --hash=sha256:1489cf791aa7b6e8c8be1c5a080bae3a672791fcb4e9e12249b05862a2ca9cec \
    --hash=sha256:17d4e97258b0172dfa107b89aa1eeba3016f4b1974ce85ca3ef6a66b35cbf659 \
    --hash=sha256:1cdf5192ab3e674ca26da2eada35b288d2fa49fdd0f357a19f0e7c4e7d5077c8 \
    --hash=sha256:1f38ec5e3f18c8a10ded09742f7fb8de0108796eb673f30ce7762ce1b8550cad \
    --hash=sha256:286322a90bea1f9422a470d5d2ad82d38080be0a29c4dd9b3e6384320a4d11e7 \
    --hash=sha256:297c27d8003520596236bdb2335e6b3f649480bd09e00d1e3a99144b691d2a35 \
    --hash=sha256:37554f70528f60cad66945b885eb01f1bb514f132d92b6eeed1c90fd54ed6289 \
    --hash=sha256:3879b88423ec7e97cd4eba2a443aa26ed4e59b45e6b76aabf13fe2f27023a142 \
    --hash=sha256:3b7f102bf3cb1995cfeaee9321105e8f5da76fdb104cdad8986f85461a1b7b77 \
    --hash=sha256:40631b049d5972c6755b06d0bfe8233b1bd9a8a6392d9d1c45c10b6f9e9b2733 \
    --hash=sha256:481c990a7abe2c6f4fc3d98781cc9426ebd7f03a9aaa7eb03d3bfc68ac2a46bd \
    --hash=sha256:4a968a72422a097b09042d5fa2c5c590251ad484acf910a651b4b620acd7f193 \
    --hash=sha256:4baa86acedf1d62115c1dc6ad1e17134476688f08c6efd8a2ab076e815665c74 \
    --hash=sha256:512fec6815e2dd45161054592441ef76c830eddaad55c8aa30952e6fe1ed07c0 \
    --hash=sha256:51eb9bd88391483410daad430813d982010f9c9c89512321f5b60e2cddbdddd6 \
    --hash=sha256:535cc37b3a04f6cd2c1ef65fa1d370c9a35b6695df735fcff5427323f2cd5473 \
    --hash=sha256:53c85520781d84a4b8b230e24a5af5b0778efdb39142b424990ff1ef7c48ba21 \
    --hash=sha256:55502bc2c653ed2e9692e8c55cb95b397d33f9f2911e929dc97c4d6b26d04242 \
    --hash=sha256:561577354eb94200d75aca23fbde86ee11be36b00e52a4eaf8f50fb0c86b7705 \
    --hash=sha256:56a2d1fae65fd82197cb8c53c367310b3eabe1bbb9fb5a04d28e3e3520e4f702 \
    --hash=sha256:57df59d8b48feb0e613d9b1f5e57b7532e97cbaf0d61f7aa9aa32221e84bc4b6 \
    --hash=sha256:6c84bae345b9147082b17371e3dd5d42775bddce91f885499017f4607fdaf39f \
    --hash=sha256:6cde23eeda1a25c75b2e07d39970f3374105d5eafbaab2a4482be82f272d5a5e \
    --hash=sha256:6e2ea3d6190a2968f4a14a23019d3b16870dd2190cd69c8180f7c632d21de68d \
    --hash=sha256:700e674a166ca5778255e0e1dc4e9d79ab2acc57b9171b79e65feba7184b3370 \
    --hash=sha256:7b5b1ac819a3f946d3b2ee07f09149578ae76066d70b44df3fa990add49a82e4 \
    --hash=sha256:7cd375a12b71d33d46af85a3343b35d98e8116134ba404bd657b3b1d15988792 \
    --hash=sha256:80eee091fe128e425177fbd82f8635769e2f32ec9daf6468286ec57ec0313efa \
    --hash=sha256:93f617675b2d03af4e72a5333ef89450dfaa5321303ede6e67ba9c9d26878079 \
    --hash=sha256:a592b043a47ad17911add5fbd087c76716d7c9ccc1d64ec9249ceafd735f03c2 \
    --hash=sha256:ac33ed96229b7790eb729702751c0e93ac5bc3bcf52ae9eccbff30da09194b86 \
    --hash=sha256:b31dc2fccbd42adc73bc4e7cdbae4fc5086cf378979e53ca5d0301838c5682c6 \
    --hash=sha256:b45649628d816c030dba3c80f8e2689bab1c89518ed10d426036cdc47874dfc4 \
    --hash=sha256:b76324e2dc033a0b2f435f33eb88ff9913c156ef78e153fb210e03c13da746b3 \
    --hash=sha256:b91328c72635f6f9e0282e4a57da7470c7350ab1c9f48546c0f2866205349d21 \
    --hash=sha256:badb4d8e58ee08dad957002027830d5c3b06aea446a6a3744483c2b3b745345c \
    --hash=sha256:bc5ef13bbc10b5335792360623cc378d52d7e62c2de64660616478c32cd0598e \
    --hash=sha256:c1955d5a1dd43198244d47664a5858082a3239766a839b2102a269aaff7a4e25 \
    --hash=sha256:c3e5c6727a57cb6558592a95019e504f605d1c54eb86463ee9f7a2dbd411c820 \
    --hash=sha256:c60ebcd36f7b240b30788554b6f0782454826a0ed765d8430652621b5de674b9 \
    --hash=sha256:daf620c2995d193449393d6c62131b3fbd40a63bf7b307a1527856ace637fe88 \
    --hash=sha256:e047cc068570bac9866237739607d1313b9253c3051ad84738cbb095be0537b2 \
    --hash=sha256:ea721dd3203b809039fcc2983f14608dae82b212288b346e0bfe46ec2fab0b7c \
    --hash=sha256:ef6f0d4cc8a9fa1f6a910230cd53545d9a14479311e87e3cb225495952eb672c \
    --hash=sha256:fe94b4564e865d968414598eea1a6de60adba0c040ba4ed05ac1300de402cd42
    # via uvicorn
watchfiles==1.2.0 \
    --hash=sha256:01859b11fd9fbca670f4d5da00fbac282cfea9bd67a2125d8b2833a3b5617ea9 \
    --hash=sha256:01ea8d66f0693b9b60a6541c8d10263091ca9a9060d242f3c1f3143f9aad2c98 \
    --hash=sha256:027ae72bfdfd254862065d8b3e2a815c6ab9b1853ce41e6648ece84afd34a551 \
    --hash=sha256:03b14855c6f35539e2d95c442ae9530a75762f1e26567152b9ed05f96534a74d \
    --hash=sha256:054dc20fd2e3132b4c3883b4a00d72fd6e1f56fdaf89fccd12e8057d74cd74d7 \
    --hash=sha256:094b9b70103d4e963499bdea001ee3c2697b144cd9ae6218a62c0f89ec9e31db \
    --hash=sha256:0a105bc2283f67e8fbec74253ec2d94925de92ed72c0393f1206bf326b7b7b69 \
    --hash=sha256:0a37faaed405c67e28e6be45a1fa4f206ef5a2860f27c237db9fa30704c38242 \
    --hash=sha256:0c4997d4e4a55f0d02b6cde327322daf3a0400e5df6c6b15948994bf72497925 \
    --hash=sha256:0cb4d80e212f116474a545c21c912b445f16bb0cef9e6a73a498164223e14e2f \
    --hash=sha256:0d191c054d0715c3c95c99df9b8dbf6fd096d8c1e021e8f212e1bd8bc444ccb5 \
    --hash=sha256:0e831a271c035d89789cffc386b6aa1375f39f1cd25eb7ca0997e4970d152fc5 \
    --hash=sha256:10d86db20695afe7997ac9e1717637d6714a8d0220458c33f3d2061f54cec427 \
    --hash=sha256:11743adfa510bfffebe97659fb280182b5c9b238708f667e866f308c3430dc19 \
    --hash=sha256:1bc6195825b7dcd217968bb1f801a60fd4c16e8eeab5bedc7fe917d7d5995ab4 \
    --hash=sha256:204f299afcbd65918ab78dbc52626b0ae45e9d8cef403fdbf33ecf9e40eac66e \
    --hash=sha256:20aa0e708b920bde876a4aa82dc7dd6ebea228a63a67cda6632c2fc87b787efa \
    --hash=sha256:23282a321c8baf9b3a3c4afff673f9fe65eb7fdc2338d765ccad9d3d1916a5ba \
    --hash=sha256:24b2405c0a46738dd9e1cf7135aa5dbdb9d42d024628651b3b13d5117e99f8df \
    --hash=sha256:2581a94056e55d7d0a31a823ea92bf73749c489ca2285bfdc0fbe6b2bb49d50c \
    --hash=sha256:2995c176de7692b86a2e4c58d9ec718f753150a979cb4a754e2b4ffa38e70906 \
    --hash=sha256:2b37d10b5a63bd4d87e18472d80fa525bd670586fae62e5dd580452764879b65 \
    --hash=sha256:2cb93af48550faf1cea04c303107c8b75833de7013e57ce27d3b8d21d8d0f58c \
    --hash=sha256:2d95ddc1eb6914154253d239089900813f6a767e174b8e6a50e7fdacb7e4236c \
    --hash=sha256:3416ff151bb6b5a8d8d11664974fbef4d9305b9b2957839ab5a270468fd8df30 \
    --hash=sha256:3651aa7058595e9cfb75d35dd5ada2bf9f48a5b8a0f3562821d3e210c507e077 \
    --hash=sha256:37a6721cdf3f65dbb13aa9503510ccb4451603ac837e44d265d7992a597e1374 \
    --hash=sha256:41bc1199f7523b3f82843c88cbb979180c949caef0342cf90968f178e5d49b01 \
    --hash=sha256:43d818978d06062d9b22c4fab2ebe44cf5213d42dc8e62bda8c2760cfa2eeb33 \
    --hash=sha256:4429f3b105524a10b72c3a819b091c495d2811d419c1e1e8df773a5a5974f831 \
    --hash=sha256:4543579a9bdb0c9560039b4ffddbdb39545707659fbc430ce4c10f3f68d557f9 \
    --hash=sha256:4674d49eb94706dfe666c069fc0a1b646ffcf920473492e209f6d5f60d3f0cc2 \
    --hash=sha256:4c887eba18b7945ac73067a8b4a66f21cd46c2539b2bc68588f7be6c7eb6d26b \
    --hash=sha256:4e4ff8e37f99cf1da89e255e07c9c4b37c214038c4283707bdec308cb1b0ea1f \
    --hash=sha256:4f34e26a19f91f710c08e0183429f0d1d15df734e6bc78c31e77b9ea9c433658 \
    --hash=sha256:5327989a465505f05cfe06f04fa9d0c2fd5432bb243e10e6f012b1bdca3c8579 \
    --hash=sha256:53b2290c92e0506d102cd448fbc610d87079553f86caa39d67440856a8b8bba5 \
    --hash=sha256:56d8641cf834c2836922899105bd3ce3d0dfc69291d52edf0b4d0436829b34c0 \
    --hash=sha256:57a2d9fa4fb4c2ecae57b13dfff2c7ab53e21a2ba674fe9f05506680fcdcc0d7 \
    --hash=sha256:63ac26eefbf4af1741247d6fb68b11c49a25b2f7413fbd318a83a12aaa9cf666 \
    --hash=sha256:6543cf55d170003296d185c0af981f3e1311564907e1f4e08671fc7693a890a5 \
    --hash=sha256:704fd259e332e01f9b9c178f4bce9e49027e5587cc2600eeeaf8e76e1c846201 \
    --hash=sha256:71283b39fd17e5408eb123bd37aeecfd9d54c81fc184421943208aadb879d103 \
    --hash=sha256:71cd71740ed2c15211ebb237ced4e39a1cdf6f80566e5fe95428da1626f4fde6 \
    --hash=sha256:7571e4464cb6e434958f867f7f730b8ab0b75e3f8e5eac0499168486ab3c33a8 \
    --hash=sha256:772b80df316480d894a0e3165fdd19cf77f5d17f9a787f94029465ad0e3529d1 \
    --hash=sha256:77a0feab9af4c021c581f695258c642b3d10c5fd4c676e33a0d8606425d82631 \
    --hash=sha256:7a2cffd17d27d2ecbb310c2b1d8174f222a5495b1a721894afa88ec11e25b898 \
    --hash=sha256:7a7ce236284f002a156f70add88efe5c70879cccbb658be0822c54b1306fc09d \
    --hash=sha256:7ba0480b9a74af058f43b337e937a451e109295c420916d68ad24e3dc02f5e44 \
    --hash=sha256:8520a4ab0e37f770afc34459c4f8f7019e153f9124dc101c15538365875d1ab2 \
    --hash=sha256:86bc13c25a8d1fcd70b51d0ce7c9b65e90de5666fcbfd3e34957cc73ee19aeb5 \
    --hash=sha256:89d8c2394a065ca86f5d2910ff263ae67c127e1376ccc4f9fc35c71db879f80a \
    --hash=sha256:8c520725602756229f045b032a1ff33d7ef0f7404189d62f6c2438cb6d8ef6a1 \
    --hash=sha256:8f200104103feb097de4cab8fe4f5dd18a2026934c7dea98c55a2f5fd6d5a33b \
    --hash=sha256:8f70d8b291ef6e88d19b1f297a6905ddb978888d9272b0d05e6f53309856bcfc \
    --hash=sha256:8fa585ede612ee9f9e91b18bebf9ba11b9ae29a4e3a0d0cf6fca3e382133f0d5 \
    --hash=sha256:922c0e019fe68b3ae392965a766b02a71ba1168c932cebc3733cd52c5fe5b377 \
    --hash=sha256:9342472aff9b093c5acd4f6d8f70ae0937964ab56542502bcf5579782da69ae8 \
    --hash=sha256:9649193aa27bd9ff2e80ff29bfaa93085496c7a3a377592823cc58b77ee88add \
    --hash=sha256:9f04b092229ad2c50126dd3c922c8822e51e605993764a33058d4a791ab42281 \
    --hash=sha256:a0f27f01bee51861392bb6b7c4fdb290b27d1eb194e9e28788d68102a0e898d9 \
    --hash=sha256:a16ffe19bf5cf9f5edaa1ad1dd830c5a816e8feec430c522302ab55483a4b994 \
    --hash=sha256:a204794696ffb8f9b10fba6f7cb5216d42f3b2b71860ccac6b6e42f5f10973b0 \
    --hash=sha256:a711b51aec4370d0dcda5b6c09463206f133a5759341d7744b953a7b62e1100e \
    --hash=sha256:a88fc94e647bc4eec523f1caa540258eb71d14278b9daf72fa1e2658a98df0f0 \
    --hash=sha256:ae99b14c5f21e026e0e9d96f40e07d8570ebee6cafd9d8fc318354606daa7a28 \
    --hash=sha256:b0ef001f8c25ad0fa9529f914c1600647ecd0f542d11c19b7894768c67b6acb7 \
    --hash=sha256:b141a4891c995a039cd89e9a49e62df1dc8a559a5d1a6e4c7106d16c12777a55 \
    --hash=sha256:b4e77f6a55f858504069abd35d336a637555c09bca453dde1ee1e5ada8a6a1fb \
    --hash=sha256:b62f042afde2dde21ec1d2c1a74361e804673df86f51e418a999c9acfe671b07 \
    --hash=sha256:b718bf356bbc15e559bd8ef41782b573b8ae0e3f177ab244b440568d7ea02cfb \
    --hash=sha256:b8c8358484d5fa12ef34f05b7f4168eaf1932f408725ff6d023c33ec17bd79d4 \
    --hash=sha256:b974946a10af379d425e2eef5b62f5c6ebeaccf91d45eaad6f5b27ecd4f91aa0 \
    --hash=sha256:b9909cc2b48468b575eefa944919e1fe8a36c5849d5c7c168f80a8c1db69398e \
    --hash=sha256:b9f732dc58b2dbe69e464ccf8fff7a03b0dd0be439da4c0720d3558527d3d6b4 \
    --hash=sha256:bb68bf4df85abebe5efddc53cf2075520f243a59868d9b3973278b23e76962a9 \
    --hash=sha256:bb7e52ecf68ba46d22df23467b87cffeb2146908aa523ebfe803019618cfda06 \
    --hash=sha256:bc13eb17538be00c874699dc0abe4ee2bc8d50bb1166a6b9e175ef3fd7eb8f26 \
    --hash=sha256:c0db965c5f79aa49fe672d297cf1febc5ad149b658594944f49a54a2b96270a7 \
    --hash=sha256:c16cb06dd17d43b9d185094268459eac92c9538356f050e55b54e82cf700e1d4 \
    --hash=sha256:c525543d91961c6955b2636b308569e84a1d1c5f5f2932041ab9ef46422f43e3 \
    --hash=sha256:c5c19526f4e54a00f2666a6c0e9e40d582c09e865055ea7378bf0009aab857b3 \
    --hash=sha256:c995fba777f1ea992f090f9236e9284cf7a5d1a0130dd5a3d82c598cacd76838 \
    --hash=sha256:ca148d73dea36c9763aaa351e4d7a51780ec1584217c45276f4fe8239c768b71 \
    --hash=sha256:cee9d5efd929efdac5f7e58f72b3376f676b64050a91c5b99a7094c5b2317488 \
    --hash=sha256:d158cd89df6053823533e06fb1d73c549133bff5f0396170c0e53d9559340717 \
    --hash=sha256:d20029a60a71a052a24c4db7673bc4de39ab89adbaccbfb5d67987c5d73f424d \
    --hash=sha256:d413349d565dab74297f2a63e84a097936be69bf8f3b3801f27f380e32040f44 \
    --hash=sha256:d4a4b147f5dca2a5d325a06a832fb43f345751adfbc63204aec30e0d9ca965a2 \
    --hash=sha256:d516b3283a758e087841aedb8031549fb41ced08f3db10aa6d2bf32dc042525b \
    --hash=sha256:d73a585accffa5ae39c17264c36ec3166d2fad7000c780f5ef83b2722afb9dd2 \
    --hash=sha256:dbd6c97045dad81227c8d040173da044c1de08de64a5ea8b555da4aee1d5fa22 \
    --hash=sha256:e0618518f282c4ebff60f5e5b1247b6d91bb8b9f4476947563a1e74acc66f3c6 \
    --hash=sha256:e140ed30ebde76796b686e67c182cff10ea2fbab186fafd1560f74bb5a473a6e \
    --hash=sha256:e1cfd51e97e13ff3bd047c140764d277fc9b95b7cb5da59e46a47d167adab310 \
    --hash=sha256:e2ca07fa7d89195ec0865d3d285666286740bfa83d83e5cee204043a31ecc165 \
    --hash=sha256:e53a384f76b631c3ae5334ce6a52f0baa3a911eb94a4eac7f160079868b716d5 \
    --hash=sha256:eb283ee99e21ad6443c8cdb06ac5b34b1308c329cbdf03fa02b445363714c799 \
    --hash=sha256:eb72919d93e3a16fc451d3aa3d4b1698423daca1b382d3d959c9ac51297c12a8 \
    --hash=sha256:ecb47f183a8025b2aa18b546725c3657e542112ae9c0613a2af79b4fa8d04ad7 \
    --hash=sha256:f155b3a1b2a5fc89cdc70d47ee5d54e3b75e88efa34982028a35daef9ba00379 \
    --hash=sha256:f22943b7770483f6ea0721c6b11d022947a98eb0acae14694de034f4d0d38925 \
    --hash=sha256:f28b2725eb8cce327b9b3ab02415c853011dc55c95832fe90de6bc56f5315f72 \
    --hash=sha256:f88af53d6ddaf72179ef613ddc905e6f4785f712b49b80b3bef9f3525e6194b4 \
    --hash=sha256:faea288b6f0ab1902ef08f4ca6de005dccf856c4e0c4f21b8c5fce02d90a1b08 \
    --hash=sha256:fff610d7bb2256a317bb1e96f0d7862c7aa8076733ee5df0fd41bbe76a24a4f4
    # via uvicorn
websockets==16.1.1 \
    --hash=sha256:01fbdcbac298efe19360b94bc0039c8f746f0220ba570f327577bfee81059175 \
    --hash=sha256:024193f8551a2b0eafbdd160911012c4e6c228c28430c84433253299a9e42d6a \
    --hash=sha256:04fd29a0e2fe9414a95b00e92c67ae51bf900c50c0f8a4b2dafdad621f49ea1d \
    --hash=sha256:056ae37939ed7e9974f364f5864e76e49182622d8f9751ac1903c0d09b013985 \
    --hash=sha256:0f62863e8a00a6d33c3d6566ec0b89f23787b747ffe0c3bc71ec0e76b82c94b1 \
    --hash=sha256:0ffd3031ea8bda8d61762e84220186105ba3b748b3c8da2ae4f7816fac03e573 \
    --hash=sha256:1214e673c404684b9bf7154f5cf43b45025b1a6160fac3a9e438e9c1a97e22cb \
    --hash=sha256:125f22dbefaf1554fea66fc83851490edb284ce4f501d37ffed2752f418332d9 \
    --hash=sha256:130937b167a52af203c8d58e78d67705874e82759862e3b9671a452fec4abc87 \
    --hash=sha256:1427fb4cf0d72f66333e2cacc3ff5f575bf2d7008166ce991a4a470b21d51a22 \
    --hash=sha256:195c978b065fa40910582464f99d6b15c8b314c68e0546549a55ed83f4735328 \
    --hash=sha256:1d27fa8462ad6a1cb36206a3d0640b2333340def181fae11ed7f9adeaa5c0747 \
    --hash=sha256:1db4de4a0e95673f7545d393c49eeb0c2f18ac1ef93073218c79d5cdb2ee75ab \
    --hash=sha256:1f79c89b5eb034d1722938a891916582f8f7f503f58ca22518a63c3f2cd18499 \
    --hash=sha256:23253dd5bcae3f9aaee0a1d30967a8dbd52e5d3cff93a2e5b84df57b77d4750d \
    --hash=sha256:249116b4a76063d930a46391ad56e135c286e4562a18309029fc2c73f4ed4c62 \
    --hash=sha256:29dfa8114c4a620c69591c5973860f768eac29d3fd6904f37f34266cb219c512 \
    --hash=sha256:2a606d9c24035242a3e256e9d5b77ed9cd6bccfcb7cf993e5ca3c0f6f68fb6a7 \
    --hash=sha256:2a636ff1e7a5c4edf71ef0e79adae7f25dba93b4fcbe3dc958733477ffeb0eaf \
    --hash=sha256:2bb5d041a8307d2e18782e7ce777f6fdb1e8c2f5d09291484b18c294b789d9aa \
    --hash=sha256:2e28e602bb13da44fbe518c1781a88e3b9d4c3d48d02c9bad83e546164336f57 \
    --hash=sha256:30bbe120437b5648a77d3519b7024ea09530e0b5b18d3698c5a0ae536fe0cc2e \
    --hash=sha256:34420aaa64440ebd51ac72ca8a45ef4626429438c9b02e633ae412ed43f925d3 \
    --hash=sha256:38565aca3e01ea8734e578fb2118dade0ecb0250533f29e22b8d1a7a196cf4d0 \
    --hash=sha256:387e8e4aa5df2f90b198fa3cad3478822a89cf905b6a6d6c97dc3664689640cc \
    --hash=sha256:39f2a024af5c345ffe8fcf1ee18c049c024c94df393bb09b044a6917c77bde43 \
    --hash=sha256:3df13f73af9b3b38ab1195eb299ecb67a4330c911c97ae04043ff74085728abe \
    --hash=sha256:414e596c75f74e0994084694189d7dc9229fb278e33064d6784b73ffbba3ca31 \
    --hash=sha256:41c8e77f17294c0ac18008a7309b99b34ee72247ef10b6dff4c3f8b5ac29896b \
    --hash=sha256:42290eb6db4ccaca7012656738214f8514082fb6fa40cdeb61bb9a471b52e383 \
    --hash=sha256:42f599f4d48c7e1a3338fdaac3acd075be3b3cf02d4b274f3bf2767aedd3d217 \
    --hash=sha256:43e3a9fdd7cbf7ba6040c31fae0faf84ca1474fef777c4e37912f1540f854499 \
    --hash=sha256:443aefe96b7fdb132e2a70806cca1f2af49bb3f28e47abcd7c2e9dcf4d8fa1b8 \
    --hash=sha256:46dcaa042cd1de6c59e7d9269fa63ff7572b6df40510600b678f0826b3c7af51 \
    --hash=sha256:496af849a472b531f758dbd4d61338f5000538cb1a7b3d20d9d32a264517f509 \
    --hash=sha256:49ae99bdfcae803a885c926bf14f886196e84925395bb3f568fef5c0f0979d7d \
    --hash=sha256:4b57693728576d84ede0a77987ab16881b783d2cd9f1dc180a8fbbc3f79c4428 \
    --hash=sha256:4e3b680b1e0a27457e727a0d572fd81dffa87b6dbf8b228ab57da64f7d85aead \
    --hash=sha256:4e8d01cc3bcae7bbf8167f944aeafefed590fae5693552bba9794a9df68371cc \
    --hash=sha256:5283810d2646741a0d8da2aa733d6aefa0545809afccb2a5d105a26bc45125f1 \
    --hash=sha256:53260c8930da5771cec89439bff99c20c8cb03ddb9588b980697355a83cd4bd3 \
    --hash=sha256:536676848fc5961aca9d20389951f59169508f765637a172403dc5434d722fa0 \
    --hash=sha256:54509b8e92fee4453e152b7558ddef37ce9705a044922f2095a6105e3f80c96f \
    --hash=sha256:56cd5fc4f10a9ea8aa0804bddb7b42506cf9e136046f3b4c27de8fec9e2ecba5 \
    --hash=sha256:5bfd1ac19b1b9986a9c95a82d5e23a391ebb09e12c34d7be6094b86efcc35731 \
    --hash=sha256:5c31aa7e39ee3e8a358573257f1c0bb5c52430d1b637030dd9c8cc2c282926be \
    --hash=sha256:5e3b7d601f6f84156b08cc4a5e541c2b50ad7b36cfc302b657a12477c904a5df \
    --hash=sha256:61922544a0587a13fd3f53e4c0e5e606510c7b0d9d22c8444e5fae22a06b38cb \
    --hash=sha256:6456ff333092d509127d75a638cb411afae8ff17f092635015d1902efec8a293 \
    --hash=sha256:69159730a823dde3ea8d08783e8d47ef135a6d7e8d44eb127e32b321c9db8e3e \
    --hash=sha256:69e52d175a0a7d1e13b4b67ad41c560b7d98e8c6f6126eb0bda496c784faf8c7 \
    --hash=sha256:6aaface73b9c71974c6497366d8b9628357f6c9749e09c4ea3610176c63f2ae3 \
    --hash=sha256:6abbd3e82c731c8e531714466acd5d87b5e88ac3243465337ba71d68e23ae7e3 \
    --hash=sha256:6ff9417c0ada4d0f7d212f928303e5579bdf3ace4c802fa4afabb30995da58c3 \
    --hash=sha256:7421fad442de870a8cbf2287d1cad7e706ece0dbfeba5e911df132cbdc1cb56a \
    --hash=sha256:7883388947767080f094950b342b30d35a2a06b849cd967c422fa0db72b40ea9 \
    --hash=sha256:79eace538c6a97e96d0d03d4f9d314f9677f5ed85a8a984992ffd90b13cb8a56 \
    --hash=sha256:7b1b19636af86a3c7995d4d028dbe376f39b4bf31541146f9c123582a6c94562 \
    --hash=sha256:7dfcad78ea1492ee3a9ec765cb7f51bbc17d477107aaf6b22abf7b2558d1c5a0 \
    --hash=sha256:8087e82f842609734c9b5a1330464f8e94e346ba0e18c832c08bafa4b0d63c15 \
    --hash=sha256:820fb8450edddae3812fd58cbc08e2bf22812cb248ecb5f06dbb82119a56e869 \
    --hash=sha256:8483c2096363120eea8b07c06ae7304d520f686665fffd4811fad423930a65d7 \
    --hash=sha256:84a2cef8deffbd9ab8ee0ea546a2a6a7030c28f44e6cdd4547dbfeb489eb8999 \
    --hash=sha256:86d7f0f8bdb25d2c632b72527325e4776430fd5bc61b9118de4e2b8ddb5f5b01 \
    --hash=sha256:8fe0b50da2d84535fb4f7b4bfa951280f97ce3d558a0443b541166d609e67b57 \
    --hash=sha256:90001d893bc368e302ef168d82130b4e4fdd27b85fa094682df9b667c2d48838 \
    --hash=sha256:9246a0d063cfcbcc85f2359dd6876d681213f4790832272aa16641b4ed5d64d4 \
    --hash=sha256:92b820d345f7a3fc7b8163949ee92df910f290c3fc517b3d5301c78065adafe1 \
    --hash=sha256:952303a7318d4cbe1011400839bb2051c9f84fa0a35923267f5daba34b15d458 \
    --hash=sha256:97fd3a0e8b53efa41970ac1dff3d8cf0d2884cadeb4caaf95db7ad1526926ee3 \
    --hash=sha256:9c1c5705e314449e3308872fe084b8571ce078ee4fc55a98a769bdefe5917392 \
    --hash=sha256:9c9f23004a3d40e89c01a7955d186a6cc83418d93b749701944ce2de3e95a1f3 \
    --hash=sha256:9f63bcef7f4b02b06b35fc01c93b96c43b5e88e1e8868676caacf493d5a31f3a \
    --hash=sha256:a0eadbbf2c30f01efa58e1f110eb6fa293261f6b0b1aa38f7f48707107690af9 \
    --hash=sha256:a28fcbc9b6baf54a2e23f8655f308e4ccc6afdd7266f8fe7954f320dcda0f785 \
    --hash=sha256:a6a61aff018180c9c50b7b0da33bfd29d378af3497429c95006c589a23a11648 \
    --hash=sha256:aabe464bfd13bd25f4821faf111da6fefdc389f870265a53105580e45b0a2e49 \
    --hash=sha256:ab59169ace05dcb49a1d4118f0bde139557adf45091bd85747e36bf5de984dd1 \
    --hash=sha256:b436f6ec4fc3a6b4237c84d3f83170ed2b40bb584222f0ac47a0c8a5921980c7 \
    --hash=sha256:b6b9dadbef0cccd9f4c4ee96b08898afa73e26803bbe0f6aeb5bb12b0074206d \
    --hash=sha256:b852788aa51764e2d8e4cf5493d559326bcae5e38d16ba25ffa322b034df272a \
    --hash=sha256:bae954c382e013d5ea5b190d2830526bfa45ad121c326da0049b8c769f185db6 \
    --hash=sha256:bcce07e23e5769375158f5efdcdafa8d5cd014b93c6683865b840ed65b96f231 \
    --hash=sha256:cc97814dfb786a83b6e2dc2e79351e1b83e6d715647d6887fcabd83026417a00 \
    --hash=sha256:cd2ca96a082a36964aca83e992f72abeb61b7306c1a6cba4c7d06a7b93750cac \
    --hash=sha256:cfb70b4eb56cac4da0a83588f3ad50d46beb0690391082f3d4e2d488c70b68ea \
    --hash=sha256:d0fcf657e9f13ff4b177960ab2200237b12994232dfb6df16f1cfe1d4339f93c \
    --hash=sha256:d14bfb217eb4701e850f1525c9d29d79c44794cdf1c299ead25f39f8c78dea81 \
    --hash=sha256:d57685547e0060cc6fd90ee6a28405d6bd395e525545f13c8d7cd99c78afd79f \
    --hash=sha256:d6bec75c290fe484a8ba4cacdf838501e17c06ecfbbf31eede81a9e431bd7751 \
    --hash=sha256:d9531d9cbeac99af6f038fb1bc351403531f7d634a2c2e10e2f7c854c6ed5b68 \
    --hash=sha256:da4ca1a9d72f9030b3146b8d7022719a9f3d478f61efe6f7dd51d243f61c51b2 \
    --hash=sha256:dab9eb87869da2d6ed3af3f3adf28414baae6ec9d4df355ffc18889132f3436c \
    --hash=sha256:db234eda965dcce15df96bb9709f587cd87d4d52aaf0e80e2f34ec04c7670c57 \
    --hash=sha256:dc0fad4933f427acd5b1cec210f3ea6dce7089e1724e4b9ec6ef47c6c04d1b3b \
    --hash=sha256:dc385593a42e31cd6fb60c19f0ecb015b386603818fc2c6c274fb42bd2bb4165 \
    --hash=sha256:dcc04fedf83effaeb9cce98abc9469bb1b42ef85f03e01c8c1f4438ef7555737 \
    --hash=sha256:e047dc87ef7ca50f4d309bf775ad4a71711c58556d75d7bd0604b2317f43e94b \
    --hash=sha256:e09f753a169951eb4f28c2c774f71069304f66e7277e0f5a2892423599cfa854 \
    --hash=sha256:ed5bb271084b46530ee2ddc0410537a9961152c5ccba2fc98c5276d992ccba87 \
    --hash=sha256:f0aa4aad3b1b69ad3fd85a0fd0952ec64331c762bd77ec51cc814170873890b2 \
    --hash=sha256:f17dbe07eb3ea7f99e4df9b7e0efefe80fbf30d37a8cc4d561a0aed310bc8847 \
    --hash=sha256:f2769a0344a09e9ccf5b3cce538bc75a51b53eff3275d3896310c8552049195d \
    --hash=sha256:f55f0b01956a094c8587146d9558c91937e78789c333860ffaf35931a6e5dbc4 \
    --hash=sha256:f5d497865f05bb222cab7016c6034542e84e5f29f49c6fd3f4939cda7197b5b8 \
    --hash=sha256:f70541f3104339f59f830522d94ebadb1bf47426287381623443d8bb1cdbf33d \
    --hash=sha256:fb9a0a6dc3d1b3986cb88091b6899f0396651e0f74e2c9766ab8d6ffc3842e29 \
    --hash=sha256:fce6c48559c86d1ac3632ccb1bebc7d5442fbe79bd9bb0e40379ee54be2a4051 \
    --hash=sha256:fd46fff7eb62c24804d234f0051c7a8ea81285ad63e0337d3dcf33ca82aee58a
    # via uvicorn
